
Microsoft Visual Studio Solution File, Format Version 12.00
# Visual Studio 15
VisualStudioVersion = 15.0.28307.168
MinimumVisualStudioVersion = 10.0.40219.1
Project("{FAE04EC0-301F-11D3-BF4B-00C04F79EFBC}") = "sadna192", "sadna192\sadna192.csproj", "{EED34F52-3A73-432C-AB73-A3C7EBDD53BA}"
EndProject
Project("{FAE04EC0-301F-11D3-BF4B-00C04F79EFBC}") = "sadna192_Tests", "sadna192_Tests\sadna192_Tests.csproj", "{D054195D-FE0C-4D43-86A9-27E1B1A708B1}"
EndProject
Project("{2150E333-8FDC-42A3-9474-1A3956D46DE8}") = "Solution Items", "Solution Items", "{8E35A499-60DD-4369-87FE-E4C91188BDA4}"
EndProject
Project("{9A19103F-16F7-4668-BE54-9A1E7A4F7556}") = "WebApplication1", "WebApplication1\WebApplication1.csproj", "{D15B99A0-485C-45A7-A4E4-B000A99A4144}"
EndProject
Project("{FAE04EC0-301F-11D3-BF4B-00C04F79EFBC}") = "SystemDataAccess", "SystemDataAccess\SystemDataAccess.csproj", "{BBA55D59-2CEB-4D9D-B888-4C83FADB7D67}"
EndProject
Global
	GlobalSection(SolutionConfigurationPlatforms) = preSolution
		Debug|Any CPU = Debug|Any CPU
		Release|Any CPU = Release|Any CPU
	EndGlobalSection
	GlobalSection(ProjectConfigurationPlatforms) = postSolution
		{EED34F52-3A73-432C-AB73-A3C7EBDD53BA}.Debug|Any CPU.ActiveCfg = Debug|Any CPU
		{EED34F52-3A73-432C-AB73-A3C7EBDD53BA}.Debug|Any CPU.Build.0 = Debug|Any CPU
		{EED34F52-3A73-432C-AB73-A3C7EBDD53BA}.Release|Any CPU.ActiveCfg = Release|Any CPU
		{EED34F52-3A73-432C-AB73-A3C7EBDD53BA}.Release|Any CPU.Build.0 = Release|Any CPU
		{D054195D-FE0C-4D43-86A9-27E1B1A708B1}.Debug|Any CPU.ActiveCfg = Debug|Any CPU
		{D054195D-FE0C-4D43-86A9-27E1B1A708B1}.Debug|Any CPU.Build.0 = Debug|Any CPU
		{D054195D-FE0C-4D43-86A9-27E1B1A708B1}.Release|Any CPU.ActiveCfg = Release|Any CPU
		{D054195D-FE0C-4D43-86A9-27E1B1A708B1}.Release|Any CPU.Build.0 = Release|Any CPU
		{D15B99A0-485C-45A7-A4E4-B000A99A4144}.Debug|Any CPU.ActiveCfg = Debug|Any CPU
		{D15B99A0-485C-45A7-A4E4-B000A99A4144}.Debug|Any CPU.Build.0 = Debug|Any CPU
		{D15B99A0-485C-45A7-A4E4-B000A99A4144}.Release|Any CPU.ActiveCfg = Release|Any CPU
		{D15B99A0-485C-45A7-A4E4-B000A99A4144}.Release|Any CPU.Build.0 = Release|Any CPU
		{BBA55D59-2CEB-4D9D-B888-4C83FADB7D67}.Debug|Any CPU.ActiveCfg = Debug|Any CPU
		{BBA55D59-2CEB-4D9D-B888-4C83FADB7D67}.Debug|Any CPU.Build.0 = Debug|Any CPU
		{BBA55D59-2CEB-4D9D-B888-4C83FADB7D67}.Release|Any CPU.ActiveCfg = Release|Any CPU
		{BBA55D59-2CEB-4D9D-B888-4C83FADB7D67}.Release|Any CPU.Build.0 = Release|Any CPU
	EndGlobalSection
	GlobalSection(SolutionProperties) = preSolution
		HideSolutionNode = FALSE
	EndGlobalSection
	GlobalSection(ExtensibilityGlobals) = postSolution
		SolutionGuid = {97FDCF7D-4BBC-4CA3-AB62-10D3C839CB49}
	EndGlobalSection
EndGlobal
